// !$*UTF8*$!
{
	archiveVersion = 1;
	classes = {
	};
	objectVersion = 46;
	objects = {

/* Begin PBXBuildFile section */
		610EAB061D18906500150871 /* AppDelegate.swift in Sources */ = {isa = PBXBuildFile; fileRef = 610EAB051D18906500150871 /* AppDelegate.swift */; };
		610EAB081D18906500150871 /* ViewController.swift in Sources */ = {isa = PBXBuildFile; fileRef = 610EAB071D18906500150871 /* ViewController.swift */; };
		610EAB0B1D18906500150871 /* Main.storyboard in Resources */ = {isa = PBXBuildFile; fileRef = 610EAB091D18906500150871 /* Main.storyboard */; };
		610EAB0D1D18906500150871 /* Assets.xcassets in Resources */ = {isa = PBXBuildFile; fileRef = 610EAB0C1D18906500150871 /* Assets.xcassets */; };
		610EAB101D18906500150871 /* LaunchScreen.storyboard in Resources */ = {isa = PBXBuildFile; fileRef = 610EAB0E1D18906500150871 /* LaunchScreen.storyboard */; };
		6162C74F1D1C955100575759 /* Post.swift in Sources */ = {isa = PBXBuildFile; fileRef = 6162C74E1D1C955100575759 /* Post.swift */; };
		6162C7511D1C971400575759 /* parseCell.swift in Sources */ = {isa = PBXBuildFile; fileRef = 6162C7501D1C971400575759 /* parseCell.swift */; };
		6162C7531D1D74DB00575759 /* InfiniteScrollActivityView.swift in Sources */ = {isa = PBXBuildFile; fileRef = 6162C7521D1D74DB00575759 /* InfiniteScrollActivityView.swift */; };
		6162C7551D1D78E600575759 /* ProfileViewController.swift in Sources */ = {isa = PBXBuildFile; fileRef = 6162C7541D1D78E600575759 /* ProfileViewController.swift */; };
		6162C7571D1D796F00575759 /* ProfileCollectionViewCell.swift in Sources */ = {isa = PBXBuildFile; fileRef = 6162C7561D1D796F00575759 /* ProfileCollectionViewCell.swift */; };
		6162C75B1D1D9CAD00575759 /* camera-128.png in Resources */ = {isa = PBXBuildFile; fileRef = 6162C75A1D1D9CAD00575759 /* camera-128.png */; };
		6162C75D1D1DB65600575759 /* DetailViewController.swift in Sources */ = {isa = PBXBuildFile; fileRef = 6162C75C1D1DB65600575759 /* DetailViewController.swift */; };
		616947781D1894C3008CA6B4 /* LoginViewController.swift in Sources */ = {isa = PBXBuildFile; fileRef = 616947771D1894C3008CA6B4 /* LoginViewController.swift */; };
		6169477A1D18A73A008CA6B4 /* HomeViewController.swift in Sources */ = {isa = PBXBuildFile; fileRef = 616947791D18A73A008CA6B4 /* HomeViewController.swift */; };
		61D2B4ED1D1B4574002C3706 /* UploadViewController.swift in Sources */ = {isa = PBXBuildFile; fileRef = 61D2B4EC1D1B4574002C3706 /* UploadViewController.swift */; };
		61D2B4F91D1BD8A1002C3706 /* default-placeholder.png in Resources */ = {isa = PBXBuildFile; fileRef = 61D2B4F81D1BD8A1002C3706 /* default-placeholder.png */; };
		752F3979989FD5894F7DC535 /* Pods_Parstagram.framework in Frameworks */ = {isa = PBXBuildFile; fileRef = 031507D6F82663930DE6850B /* Pods_Parstagram.framework */; };
/* End PBXBuildFile section */

/* Begin PBXFileReference section */
		031507D6F82663930DE6850B /* Pods_Parstagram.framework */ = {isa = PBXFileReference; explicitFileType = wrapper.framework; includeInIndex = 0; path = Pods_Parstagram.framework; sourceTree = BUILT_PRODUCTS_DIR; };
		31EDFFCD4658A0FC48EE9CD8 /* Pods-Parstagram.debug.xcconfig */ = {isa = PBXFileReference; includeInIndex = 1; lastKnownFileType = text.xcconfig; name = "Pods-Parstagram.debug.xcconfig"; path = "Pods/Target Support Files/Pods-Parstagram/Pods-Parstagram.debug.xcconfig"; sourceTree = "<group>"; };
		43C5FC53346FCF59A4E430D2 /* Pods-Parstagram.release.xcconfig */ = {isa = PBXFileReference; includeInIndex = 1; lastKnownFileType = text.xcconfig; name = "Pods-Parstagram.release.xcconfig"; path = "Pods/Target Support Files/Pods-Parstagram/Pods-Parstagram.release.xcconfig"; sourceTree = "<group>"; };
		610EAB021D18906500150871 /* Parstagram.app */ = {isa = PBXFileReference; explicitFileType = wrapper.application; includeInIndex = 0; path = Parstagram.app; sourceTree = BUILT_PRODUCTS_DIR; };
		610EAB051D18906500150871 /* AppDelegate.swift */ = {isa = PBXFileReference; lastKnownFileType = sourcecode.swift; path = AppDelegate.swift; sourceTree = "<group>"; };
		610EAB071D18906500150871 /* ViewController.swift */ = {isa = PBXFileReference; lastKnownFileType = sourcecode.swift; path = ViewController.swift; sourceTree = "<group>"; };
		610EAB0A1D18906500150871 /* Base */ = {isa = PBXFileReference; lastKnownFileType = file.storyboard; name = Base; path = Base.lproj/Main.storyboard; sourceTree = "<group>"; };
		610EAB0C1D18906500150871 /* Assets.xcassets */ = {isa = PBXFileReference; lastKnownFileType = folder.assetcatalog; path = Assets.xcassets; sourceTree = "<group>"; };
		610EAB0F1D18906500150871 /* Base */ = {isa = PBXFileReference; lastKnownFileType = file.storyboard; name = Base; path = Base.lproj/LaunchScreen.storyboard; sourceTree = "<group>"; };
		610EAB111D18906500150871 /* Info.plist */ = {isa = PBXFileReference; lastKnownFileType = text.plist.xml; path = Info.plist; sourceTree = "<group>"; };
		6162C74E1D1C955100575759 /* Post.swift */ = {isa = PBXFileReference; fileEncoding = 4; lastKnownFileType = sourcecode.swift; path = Post.swift; sourceTree = "<group>"; };
		6162C7501D1C971400575759 /* parseCell.swift */ = {isa = PBXFileReference; fileEncoding = 4; lastKnownFileType = sourcecode.swift; path = parseCell.swift; sourceTree = "<group>"; };
		6162C7521D1D74DB00575759 /* InfiniteScrollActivityView.swift */ = {isa = PBXFileReference; fileEncoding = 4; lastKnownFileType = sourcecode.swift; path = InfiniteScrollActivityView.swift; sourceTree = "<group>"; };
		6162C7541D1D78E600575759 /* ProfileViewController.swift */ = {isa = PBXFileReference; fileEncoding = 4; lastKnownFileType = sourcecode.swift; path = ProfileViewController.swift; sourceTree = "<group>"; };
		6162C7561D1D796F00575759 /* ProfileCollectionViewCell.swift */ = {isa = PBXFileReference; fileEncoding = 4; lastKnownFileType = sourcecode.swift; path = ProfileCollectionViewCell.swift; sourceTree = "<group>"; };
		6162C75A1D1D9CAD00575759 /* camera-128.png */ = {isa = PBXFileReference; lastKnownFileType = image.png; name = "camera-128.png"; path = "../../../../../Desktop/camera-128.png"; sourceTree = "<group>"; };
		6162C75C1D1DB65600575759 /* DetailViewController.swift */ = {isa = PBXFileReference; fileEncoding = 4; lastKnownFileType = sourcecode.swift; name = DetailViewController.swift; path = ../DetailViewController.swift; sourceTree = "<group>"; };
		616947771D1894C3008CA6B4 /* LoginViewController.swift */ = {isa = PBXFileReference; fileEncoding = 4; lastKnownFileType = sourcecode.swift; path = LoginViewController.swift; sourceTree = "<group>"; };
		616947791D18A73A008CA6B4 /* HomeViewController.swift */ = {isa = PBXFileReference; fileEncoding = 4; lastKnownFileType = sourcecode.swift; path = HomeViewController.swift; sourceTree = "<group>"; };
		61D2B4EC1D1B4574002C3706 /* UploadViewController.swift */ = {isa = PBXFileReference; fileEncoding = 4; lastKnownFileType = sourcecode.swift; path = UploadViewController.swift; sourceTree = "<group>"; };
		61D2B4F81D1BD8A1002C3706 /* default-placeholder.png */ = {isa = PBXFileReference; lastKnownFileType = image.png; name = "default-placeholder.png"; path = "../../../../../Desktop/default-placeholder.png"; sourceTree = "<group>"; };
/* End PBXFileReference section */

/* Begin PBXFrameworksBuildPhase section */
		610EAAFF1D18906500150871 /* Frameworks */ = {
			isa = PBXFrameworksBuildPhase;
			buildActionMask = 2147483647;
			files = (
				752F3979989FD5894F7DC535 /* Pods_Parstagram.framework in Frameworks */,
			);
			runOnlyForDeploymentPostprocessing = 0;
		};
/* End PBXFrameworksBuildPhase section */

/* Begin PBXGroup section */
		5EC5B4DD3213DB89549B5C3E /* Pods */ = {
			isa = PBXGroup;
			children = (
				31EDFFCD4658A0FC48EE9CD8 /* Pods-Parstagram.debug.xcconfig */,
				43C5FC53346FCF59A4E430D2 /* Pods-Parstagram.release.xcconfig */,
			);
			name = Pods;
			sourceTree = "<group>";
		};
		610EAAF91D18906500150871 = {
			isa = PBXGroup;
			children = (
				610EAB041D18906500150871 /* Parstagram */,
				610EAB031D18906500150871 /* Products */,
				5EC5B4DD3213DB89549B5C3E /* Pods */,
				9F8824DF0F740BD233D90E16 /* Frameworks */,
			);
			sourceTree = "<group>";
		};
		610EAB031D18906500150871 /* Products */ = {
			isa = PBXGroup;
			children = (
				610EAB021D18906500150871 /* Parstagram.app */,
			);
			name = Products;
			sourceTree = "<group>";
		};
		610EAB041D18906500150871 /* Parstagram */ = {
			isa = PBXGroup;
			children = (
				61D2B4F71D1BD868002C3706 /* Images */,
				6162C7591D1D79B200575759 /* Reference Code */,
				6169477B1D18A73D008CA6B4 /* Controllers */,
				6162C7581D1D797D00575759 /* Cells */,
				610EAB091D18906500150871 /* Main.storyboard */,
				610EAB0E1D18906500150871 /* LaunchScreen.storyboard */,
				610EAB0C1D18906500150871 /* Assets.xcassets */,
				610EAB111D18906500150871 /* Info.plist */,
			);
			path = Parstagram;
			sourceTree = "<group>";
		};
		6162C7581D1D797D00575759 /* Cells */ = {
			isa = PBXGroup;
			children = (
				6162C7561D1D796F00575759 /* ProfileCollectionViewCell.swift */,
				6162C7501D1C971400575759 /* parseCell.swift */,
			);
			name = Cells;
			sourceTree = "<group>";
		};
		6162C7591D1D79B200575759 /* Reference Code */ = {
			isa = PBXGroup;
			children = (
				610EAB051D18906500150871 /* AppDelegate.swift */,
				6162C74E1D1C955100575759 /* Post.swift */,
				6162C7521D1D74DB00575759 /* InfiniteScrollActivityView.swift */,
			);
			name = "Reference Code";
			sourceTree = "<group>";
		};
		6169477B1D18A73D008CA6B4 /* Controllers */ = {
			isa = PBXGroup;
			children = (
				610EAB071D18906500150871 /* ViewController.swift */,
				616947771D1894C3008CA6B4 /* LoginViewController.swift */,
				616947791D18A73A008CA6B4 /* HomeViewController.swift */,
				6162C75C1D1DB65600575759 /* DetailViewController.swift */,
				61D2B4EC1D1B4574002C3706 /* UploadViewController.swift */,
				6162C7541D1D78E600575759 /* ProfileViewController.swift */,
			);
			name = Controllers;
			sourceTree = "<group>";
		};
		61D2B4F71D1BD868002C3706 /* Images */ = {
			isa = PBXGroup;
			children = (
				6162C75A1D1D9CAD00575759 /* camera-128.png */,
				61D2B4F81D1BD8A1002C3706 /* default-placeholder.png */,
			);
			name = Images;
			sourceTree = "<group>";
		};
		9F8824DF0F740BD233D90E16 /* Frameworks */ = {
			isa = PBXGroup;
			children = (
				031507D6F82663930DE6850B /* Pods_Parstagram.framework */,
			);
			name = Frameworks;
			sourceTree = "<group>";
		};
/* End PBXGroup section */

/* Begin PBXNativeTarget section */
		610EAB011D18906500150871 /* Parstagram */ = {
			isa = PBXNativeTarget;
			buildConfigurationList = 610EAB141D18906500150871 /* Build configuration list for PBXNativeTarget "Parstagram" */;
			buildPhases = (
				BFD78C1A019096B37E3821A4 /* [CP] Check Pods Manifest.lock */,
				610EAAFE1D18906500150871 /* Sources */,
				610EAAFF1D18906500150871 /* Frameworks */,
				610EAB001D18906500150871 /* Resources */,
				B33F9C025582ED4B83639371 /* [CP] Embed Pods Frameworks */,
				72881E2BCF5DAA94360AE3DB /* [CP] Copy Pods Resources */,
			);
			buildRules = (
			);
			dependencies = (
			);
			name = Parstagram;
			productName = Parstagram;
			productReference = 610EAB021D18906500150871 /* Parstagram.app */;
			productType = "com.apple.product-type.application";
		};
/* End PBXNativeTarget section */

/* Begin PBXProject section */
		610EAAFA1D18906500150871 /* Project object */ = {
			isa = PBXProject;
			attributes = {
				LastSwiftUpdateCheck = 0730;
				LastUpgradeCheck = 0730;
				ORGANIZATIONNAME = "Bonnie Nguyen";
				TargetAttributes = {
					610EAB011D18906500150871 = {
						CreatedOnToolsVersion = 7.3.1;
						DevelopmentTeam = U63TPR2C89;
					};
				};
			};
			buildConfigurationList = 610EAAFD1D18906500150871 /* Build configuration list for PBXProject "Parstagram" */;
			compatibilityVersion = "Xcode 3.2";
			developmentRegion = English;
			hasScannedForEncodings = 0;
			knownRegions = (
				en,
				Base,
			);
			mainGroup = 610EAAF91D18906500150871;
			productRefGroup = 610EAB031D18906500150871 /* Products */;
			projectDirPath = "";
			projectRoot = "";
			targets = (
				610EAB011D18906500150871 /* Parstagram */,
			);
		};
/* End PBXProject section */

/* Begin PBXResourcesBuildPhase section */
		610EAB001D18906500150871 /* Resources */ = {
			isa = PBXResourcesBuildPhase;
			buildActionMask = 2147483647;
			files = (
				610EAB101D18906500150871 /* LaunchScreen.storyboard in Resources */,
				610EAB0D1D18906500150871 /* Assets.xcassets in Resources */,
				610EAB0B1D18906500150871 /* Main.storyboard in Resources */,
				61D2B4F91D1BD8A1002C3706 /* default-placeholder.png in Resources */,
				6162C75B1D1D9CAD00575759 /* camera-128.png in Resources */,
			);
			runOnlyForDeploymentPostprocessing = 0;
		};
/* End PBXResourcesBuildPhase section */

/* Begin PBXShellScriptBuildPhase section */
		72881E2BCF5DAA94360AE3DB /* [CP] Copy Pods Resources */ = {
			isa = PBXShellScriptBuildPhase;
			buildActionMask = 2147483647;
			files = (
			);
			inputPaths = (
			);
			name = "[CP] Copy Pods Resources";
			outputPaths = (
			);
			runOnlyForDeploymentPostprocessing = 0;
			shellPath = /bin/sh;
			shellScript = "\"${SRCROOT}/Pods/Target Support Files/Pods-Parstagram/Pods-Parstagram-resources.sh\"\n";
			showEnvVarsInLog = 0;
		};
		B33F9C025582ED4B83639371 /* [CP] Embed Pods Frameworks */ = {
			isa = PBXShellScriptBuildPhase;
			buildActionMask = 2147483647;
			files = (
			);
			inputPaths = (
			);
			name = "[CP] Embed Pods Frameworks";
			outputPaths = (
			);
			runOnlyForDeploymentPostprocessing = 0;
			shellPath = /bin/sh;
			shellScript = "\"${SRCROOT}/Pods/Target Support Files/Pods-Parstagram/Pods-Parstagram-frameworks.sh\"\n";
			showEnvVarsInLog = 0;
		};
		BFD78C1A019096B37E3821A4 /* [CP] Check Pods Manifest.lock */ = {
			isa = PBXShellScriptBuildPhase;
			buildActionMask = 2147483647;
			files = (
			);
			inputPaths = (
			);
			name = "[CP] Check Pods Manifest.lock";
			outputPaths = (
			);
			runOnlyForDeploymentPostprocessing = 0;
			shellPath = /bin/sh;
			shellScript = "diff \"${PODS_ROOT}/../Podfile.lock\" \"${PODS_ROOT}/Manifest.lock\" > /dev/null\nif [[ $? != 0 ]] ; then\n    cat << EOM\nerror: The sandbox is not in sync with the Podfile.lock. Run 'pod install' or update your CocoaPods installation.\nEOM\n    exit 1\nfi\n";
			showEnvVarsInLog = 0;
		};
/* End PBXShellScriptBuildPhase section */

/* Begin PBXSourcesBuildPhase section */
		610EAAFE1D18906500150871 /* Sources */ = {
			isa = PBXSourcesBuildPhase;
			buildActionMask = 2147483647;
			files = (
				6162C75D1D1DB65600575759 /* DetailViewController.swift in Sources */,
				6162C7531D1D74DB00575759 /* InfiniteScrollActivityView.swift in Sources */,
				616947781D1894C3008CA6B4 /* LoginViewController.swift in Sources */,
				6162C7511D1C971400575759 /* parseCell.swift in Sources */,
				61D2B4ED1D1B4574002C3706 /* UploadViewController.swift in Sources */,
				6162C7571D1D796F00575759 /* ProfileCollectionViewCell.swift in Sources */,
				610EAB081D18906500150871 /* ViewController.swift in Sources */,
				6162C74F1D1C955100575759 /* Post.swift in Sources */,
				6162C7551D1D78E600575759 /* ProfileViewController.swift in Sources */,
				610EAB061D18906500150871 /* AppDelegate.swift in Sources */,
				6169477A1D18A73A008CA6B4 /* HomeViewController.swift in Sources */,
			);
			runOnlyForDeploymentPostprocessing = 0;
		};
/* End PBXSourcesBuildPhase section */

/* Begin PBXVariantGroup section */
		610EAB091D18906500150871 /* Main.storyboard */ = {
			isa = PBXVariantGroup;
			children = (
				610EAB0A1D18906500150871 /* Base */,
			);
			name = Main.storyboard;
			sourceTree = "<group>";
		};
		610EAB0E1D18906500150871 /* LaunchScreen.storyboard */ = {
			isa = PBXVariantGroup;
			children = (
				610EAB0F1D18906500150871 /* Base */,
			);
			name = LaunchScreen.storyboard;
			sourceTree = "<group>";
		};
/* End PBXVariantGroup section */

/* Begin XCBuildConfiguration section */
		610EAB121D18906500150871 /* Debug */ = {
			isa = XCBuildConfiguration;
			buildSettings = {
				ALWAYS_SEARCH_USER_PATHS = NO;
				CLANG_ANALYZER_NONNULL = YES;
				CLANG_CXX_LANGUAGE_STANDARD = "gnu++0x";
				CLANG_CXX_LIBRARY = "libc++";
				CLANG_ENABLE_MODULES = YES;
				CLANG_ENABLE_OBJC_ARC = YES;
				CLANG_WARN_BOOL_CONVERSION = YES;
				CLANG_WARN_CONSTANT_CONVERSION = YES;
				CLANG_WARN_DIRECT_OBJC_ISA_USAGE = YES_ERROR;
				CLANG_WARN_EMPTY_BODY = YES;
				CLANG_WARN_ENUM_CONVERSION = YES;
				CLANG_WARN_INT_CONVERSION = YES;
				CLANG_WARN_OBJC_ROOT_CLASS = YES_ERROR;
				CLANG_WARN_UNREACHABLE_CODE = YES;
				CLANG_WARN__DUPLICATE_METHOD_MATCH = YES;
				"CODE_SIGN_IDENTITY[sdk=iphoneos*]" = "iPhone Developer";
				COPY_PHASE_STRIP = NO;
				DEBUG_INFORMATION_FORMAT = dwarf;
				ENABLE_STRICT_OBJC_MSGSEND = YES;
				ENABLE_TESTABILITY = YES;
				GCC_C_LANGUAGE_STANDARD = gnu99;
				GCC_DYNAMIC_NO_PIC = NO;
				GCC_NO_COMMON_BLOCKS = YES;
				GCC_OPTIMIZATION_LEVEL = 0;
				GCC_PREPROCESSOR_DEFINITIONS = (
					"DEBUG=1",
					"$(inherited)",
				);
				GCC_WARN_64_TO_32_BIT_CONVERSION = YES;
				GCC_WARN_ABOUT_RETURN_TYPE = YES_ERROR;
				GCC_WARN_UNDECLARED_SELECTOR = YES;
				GCC_WARN_UNINITIALIZED_AUTOS = YES_AGGRESSIVE;
				GCC_WARN_UNUSED_FUNCTION = YES;
				GCC_WARN_UNUSED_VARIABLE = YES;
				IPHONEOS_DEPLOYMENT_TARGET = 9.3;
				MTL_ENABLE_DEBUG_INFO = YES;
				ONLY_ACTIVE_ARCH = YES;
				SDKROOT = iphoneos;
				SWIFT_OPTIMIZATION_LEVEL = "-Onone";
			};
			name = Debug;
		};
		610EAB131D18906500150871 /* Release */ = {
			isa = XCBuildConfiguration;
			buildSettings = {
				ALWAYS_SEARCH_USER_PATHS = NO;
				CLANG_ANALYZER_NONNULL = YES;
				CLANG_CXX_LANGUAGE_STANDARD = "gnu++0x";
				CLANG_CXX_LIBRARY = "libc++";
				CLANG_ENABLE_MODULES = YES;
				CLANG_ENABLE_OBJC_ARC = YES;
				CLANG_WARN_BOOL_CONVERSION = YES;
				CLANG_WARN_CONSTANT_CONVERSION = YES;
				CLANG_WARN_DIRECT_OBJC_ISA_USAGE = YES_ERROR;
				CLANG_WARN_EMPTY_BODY = YES;
				CLANG_WARN_ENUM_CONVERSION = YES;
				CLANG_WARN_INT_CONVERSION = YES;
				CLANG_WARN_OBJC_ROOT_CLASS = YES_ERROR;
				CLANG_WARN_UNREACHABLE_CODE = YES;
				CLANG_WARN__DUPLICATE_METHOD_MATCH = YES;
				"CODE_SIGN_IDENTITY[sdk=iphoneos*]" = "iPhone Developer";
				COPY_PHASE_STRIP = NO;
				DEBUG_INFORMATION_FORMAT = "dwarf-with-dsym";
				ENABLE_NS_ASSERTIONS = NO;
				ENABLE_STRICT_OBJC_MSGSEND = YES;
				GCC_C_LANGUAGE_STANDARD = gnu99;
				GCC_NO_COMMON_BLOCKS = YES;
				GCC_WARN_64_TO_32_BIT_CONVERSION = YES;
				GCC_WARN_ABOUT_RETURN_TYPE = YES_ERROR;
				GCC_WARN_UNDECLARED_SELECTOR = YES;
				GCC_WARN_UNINITIALIZED_AUTOS = YES_AGGRESSIVE;
				GCC_WARN_UNUSED_FUNCTION = YES;
				GCC_WARN_UNUSED_VARIABLE = YES;
				IPHONEOS_DEPLOYMENT_TARGET = 9.3;
				MTL_ENABLE_DEBUG_INFO = NO;
				SDKROOT = iphoneos;
				VALIDATE_PRODUCT = YES;
			};
			name = Release;
		};
		610EAB151D18906500150871 /* Debug */ = {
			isa = XCBuildConfiguration;
			baseConfigurationReference = 31EDFFCD4658A0FC48EE9CD8 /* Pods-Parstagram.debug.xcconfig */;
			buildSettings = {
				ASSETCATALOG_COMPILER_APPICON_NAME = AppIcon;
				CODE_SIGN_IDENTITY = "iPhone Developer";
				"CODE_SIGN_IDENTITY[sdk=iphoneos*]" = "iPhone Developer";
				INFOPLIST_FILE = Parstagram/Info.plist;
				LD_RUNPATH_SEARCH_PATHS = "$(inherited) @executable_path/Frameworks";
				PRODUCT_BUNDLE_IDENTIFIER = com.codepath.Parstagram;
				PRODUCT_NAME = "$(TARGET_NAME)";
				PROVISIONING_PROFILE = "";
			};
			name = Debug;
		};
		610EAB161D18906500150871 /* Release */ = {
			isa = XCBuildConfiguration;
			baseConfigurationReference = 43C5FC53346FCF59A4E430D2 /* Pods-Parstagram.release.xcconfig */;
			buildSettings = {
				ASSETCATALOG_COMPILER_APPICON_NAME = AppIcon;
				CODE_SIGN_IDENTITY = "iPhone Developer";
				"CODE_SIGN_IDENTITY[sdk=iphoneos*]" = "iPhone Developer";
				INFOPLIST_FILE = Parstagram/Info.plist;
				LD_RUNPATH_SEARCH_PATHS = "$(inherited) @executable_path/Frameworks";
				PRODUCT_BUNDLE_IDENTIFIER = com.codepath.Parstagram;
				PRODUCT_NAME = "$(TARGET_NAME)";
				PROVISIONING_PROFILE = "";
			};
			name = Release;
		};
/* End XCBuildConfiguration section */

/* Begin XCConfigurationList section */
		610EAAFD1D18906500150871 /* Build configuration list for PBXProject "Parstagram" */ = {
			isa = XCConfigurationList;
			buildConfigurations = (
				610EAB121D18906500150871 /* Debug */,
				610EAB131D18906500150871 /* Release */,
			);
			defaultConfigurationIsVisible = 0;
			defaultConfigurationName = Release;
		};
		610EAB141D18906500150871 /* Build configuration list for PBXNativeTarget "Parstagram" */ = {
			isa = XCConfigurationList;
			buildConfigurations = (
				610EAB151D18906500150871 /* Debug */,
				610EAB161D18906500150871 /* Release */,
			);
			defaultConfigurationIsVisible = 0;
			defaultConfigurationName = Release;
		};
/* End XCConfigurationList section */
	};
	rootObject = 610EAAFA1D18906500150871 /* Project object */;
}
